<?xml version="1.0" encoding="utf-8"?>
<Project ToolsVersion="4.0" xmlns="http://schemas.microsoft.com/developer/msbuild/2003">
  <ItemGroup>
    <Filter Include="enet">
      <UniqueIdentifier>{90d33a67-d5ea-4b9e-8842-8438a2f54f05}</UniqueIdentifier>
    </Filter>
    <Filter Include="cube">
      <UniqueIdentifier>{3b61df19-a06d-4094-8c4a-08ac6fe536e8}</UniqueIdentifier>
    </Filter>
  </ItemGroup>
  <ItemGroup>
    <ClCompile Include="..\enet\callbacks.c">
      <Filter>enet</Filter>
    </ClCompile>
    <ClCompile Include="..\enet\host.c">
      <Filter>enet</Filter>
    </ClCompile>
    <ClCompile Include="..\enet\list.c">
      <Filter>enet</Filter>
    </ClCompile>
    <ClCompile Include="..\enet\memory.c">
      <Filter>enet</Filter>
    </ClCompile>
    <ClCompile Include="..\enet\packet.c">
      <Filter>enet</Filter>
    </ClCompile>
    <ClCompile Include="..\enet\peer.c">
      <Filter>enet</Filter>
    </ClCompile>
    <ClCompile Include="..\enet\protocol.c">
      <Filter>enet</Filter>
    </ClCompile>
    <ClCompile Include="..\enet\win32.c">
      <Filter>enet</Filter>
    </ClCompile>
    <ClCompile Include="..\src\client.cpp">
      <Filter>cube</Filter>
    </ClCompile>
    <ClCompile Include="..\src\clientgame.cpp">
      <Filter>cube</Filter>
    </ClCompile>
    <ClCompile Include="..\src\command.cpp">
      <Filter>cube</Filter>
    </ClCompile>
    <ClCompile Include="..\src\console.cpp">
      <Filter>cube</Filter>
    </ClCompile>
    <ClCompile Include="..\src\demo.cpp">
      <Filter>cube</Filter>
    </ClCompile>
    <ClCompile Include="..\src\editing.cpp">
      <Filter>cube</Filter>
    </ClCompile>
    <ClCompile Include="..\src\entities.cpp">
      <Filter>cube</Filter>
    </ClCompile>
    <ClCompile Include="..\src\main.cpp">
      <Filter>cube</Filter>
    </ClCompile>
    <ClCompile Include="..\src\menu.cpp">
      <Filter>cube</Filter>
    </ClCompile>
    <ClCompile Include="..\src\monster.cpp">
      <Filter>cube</Filter>
    </ClCompile>
    <ClCompile Include="..\src\ogl.cpp">
      <Filter>cube</Filter>
    </ClCompile>
    <ClCompile Include="..\src\physics.cpp">
      <Filter>cube</Filter>
    </ClCompile>
    <ClCompile Include="..\src\rendercubes.cpp">
      <Filter>cube</Filter>
    </ClCompile>
    <ClCompile Include="..\src\renderextras.cpp">
      <Filter>cube</Filter>
    </ClCompile>
    <ClCompile Include="..\src\rendermd2.cpp">
      <Filter>cube</Filter>
    </ClCompile>
    <ClCompile Include="..\src\renderparticles.cpp">
      <Filter>cube</Filter>
    </ClCompile>
    <ClCompile Include="..\src\rendertext.cpp">
      <Filter>cube</Filter>
    </ClCompile>
    <ClCompile Include="..\src\rndmap.cpp">
      <Filter>cube</Filter>
    </ClCompile>
    <ClCompile Include="..\src\server.cpp">
      <Filter>cube</Filter>
    </ClCompile>
    <ClCompile Include="..\src\serverbrowser.cpp">
      <Filter>cube</Filter>
    </ClCompile>
    <ClCompile Include="..\src\serverms.cpp">
      <Filter>cube</Filter>
    </ClCompile>
    <ClCompile Include="..\src\serverutil.cpp">
      <Filter>cube</Filter>
    </ClCompile>
    <ClCompile Include="..\src\sound.cpp">
      <Filter>cube</Filter>
    </ClCompile>
    <ClCompile Include="..\src\tools.cpp">
      <Filter>cube</Filter>
    </ClCompile>
    <ClCompile Include="..\src\weapon.cpp">
      <Filter>cube</Filter>
    </ClCompile>
    <ClCompile Include="..\src\world.cpp">
      <Filter>cube</Filter>
    </ClCompile>
  </ItemGroup>
  <ItemGroup>
    <ClInclude Include="..\src\client.hpp">
      <Filter>cube</Filter>
    </ClInclude>
    <ClInclude Include="..\src\clientgame.hpp">
      <Filter>cube</Filter>
    </ClInclude>
    <ClInclude Include="..\src\command.hpp">
      <Filter>cube</Filter>
    </ClInclude>
    <ClInclude Include="..\src\console.hpp">
      <Filter>cube</Filter>
    </ClInclude>
    <ClInclude Include="..\src\cube.h">
      <Filter>cube</Filter>
    </ClInclude>
    <ClInclude Include="..\src\demo.hpp">
      <Filter>cube</Filter>
    </ClInclude>
    <ClInclude Include="..\src\editing.hpp">
      <Filter>cube</Filter>
    </ClInclude>
    <ClInclude Include="..\src\entities.hpp">
      <Filter>cube</Filter>
    </ClInclude>
    <ClInclude Include="..\src\math.hpp">
      <Filter>cube</Filter>
    </ClInclude>
    <ClInclude Include="..\src\menu.hpp">
      <Filter>cube</Filter>
    </ClInclude>
    <ClInclude Include="..\src\monster.hpp">
      <Filter>cube</Filter>
    </ClInclude>
    <ClInclude Include="..\src\ogl.hpp">
      <Filter>cube</Filter>
    </ClInclude>
    <ClInclude Include="..\src\physics.hpp">
      <Filter>cube</Filter>
    </ClInclude>
    <ClInclude Include="..\src\protos.h">
      <Filter>cube</Filter>
    </ClInclude>
    <ClInclude Include="..\src\renderer.hpp">
      <Filter>cube</Filter>
    </ClInclude>
    <ClInclude Include="..\src\server.hpp">
      <Filter>cube</Filter>
    </ClInclude>
    <ClInclude Include="..\src\serverbrowser.hpp">
      <Filter>cube</Filter>
    </ClInclude>
    <ClInclude Include="..\src\sound.hpp">
      <Filter>cube</Filter>
    </ClInclude>
    <ClInclude Include="..\src\tools.h">
      <Filter>cube</Filter>
    </ClInclude>
    <ClInclude Include="..\src\weapon.hpp">
      <Filter>cube</Filter>
    </ClInclude>
    <ClInclude Include="..\src\world.hpp">
      <Filter>cube</Filter>
    </ClInclude>
  </ItemGroup>
</Project>